
Microsoft Visual Studio Solution File, Format Version 12.00
# Visual Studio Version 17
VisualStudioVersion = 17.3.32825.248
MinimumVisualStudioVersion = 10.0.40219.1
Project("{FAE04EC0-301F-11D3-BF4B-00C04F79EFBC}") = "SoManyPermutations", "SoManyPermutations\SoManyPermutations.csproj", "{5134E9E0-A799-45C2-A205-BC84C46DD361}"
EndProject
Project("{FAE04EC0-301F-11D3-BF4B-00C04F79EFBC}") = "SoManyPermutationsTests", "SoManyPermutationsTests\SoManyPermutationsTests.csproj", "{39ADF175-A304-4C4C-A085-A12CF6D47B68}"
EndProject
Global
	GlobalSection(SolutionConfigurationPlatforms) = preSolution
		Debug|Any CPU = Debug|Any CPU
		Release|Any CPU = Release|Any CPU
	EndGlobalSection
	GlobalSection(ProjectConfigurationPlatforms) = postSolution
		{5134E9E0-A799-45C2-A205-BC84C46DD361}.Debug|Any CPU.ActiveCfg = Debug|Any CPU
		{5134E9E0-A799-45C2-A205-BC84C46DD361}.Debug|Any CPU.Build.0 = Debug|Any CPU
		{5134E9E0-A799-45C2-A205-BC84C46DD361}.Release|Any CPU.ActiveCfg = Release|Any CPU
		{5134E9E0-A799-45C2-A205-BC84C46DD361}.Release|Any CPU.Build.0 = Release|Any CPU
		{39ADF175-A304-4C4C-A085-A12CF6D47B68}.Debug|Any CPU.ActiveCfg = Debug|Any CPU
		{39ADF175-A304-4C4C-A085-A12CF6D47B68}.Debug|Any CPU.Build.0 = Debug|Any CPU
		{39ADF175-A304-4C4C-A085-A12CF6D47B68}.Release|Any CPU.ActiveCfg = Release|Any CPU
		{39ADF175-A304-4C4C-A085-A12CF6D47B68}.Release|Any CPU.Build.0 = Release|Any CPU
	EndGlobalSection
	GlobalSection(SolutionProperties) = preSolution
		HideSolutionNode = FALSE
	EndGlobalSection
	GlobalSection(ExtensibilityGlobals) = postSolution
		SolutionGuid = {2D816637-FEB2-4D8D-B054-B83845ABDFC0}
	EndGlobalSection
EndGlobal
